{
  "version": 4,
  "terraform_version": "1.5.7",
  "serial": 128,
  "lineage": "6ed2eb22-28de-6bac-85af-486048b479f2",
  "outputs": {
    "instance": {
      "value": "3.101.252.93",
      "type": "string"
    }
  },
  "resources": [
    {
      "mode": "managed",
      "type": "aws_autoscaling_group",
      "name": "example",
      "provider": "provider[\"registry.terraform.io/hashicorp/aws\"]",
      "instances": [
        {
          "schema_version": 0,
          "attributes": {
            "arn": "arn:aws:autoscaling:us-west-1:183631347930:autoScalingGroup:738aab4d-aade-45d5-b09e-c1e050a7f3d1:autoScalingGroupName/terraform-20250512170129170900000004",
            "availability_zones": [
              "us-west-1b"
            ],
            "capacity_rebalance": false,
            "context": "",
            "default_cooldown": 300,
            "default_instance_warmup": 0,
            "desired_capacity": 2,
            "desired_capacity_type": "",
            "enabled_metrics": [],
            "force_delete": false,
            "force_delete_warm_pool": false,
            "health_check_grace_period": 300,
            "health_check_type": "EC2",
            "id": "terraform-20250512170129170900000004",
            "initial_lifecycle_hook": [],
            "instance_refresh": [],
            "launch_configuration": "",
            "launch_template": [
              {
                "id": "lt-03441973732f0a59e",
                "name": "example20250512170117356200000002",
                "version": "$Latest"
              }
            ],
            "load_balancers": [
              "example-elb"
            ],
            "max_instance_lifetime": 0,
            "max_size": 5,
            "metrics_granularity": "1Minute",
            "min_elb_capacity": null,
            "min_size": 1,
            "mixed_instances_policy": [],
            "name": "terraform-20250512170129170900000004",
            "name_prefix": "terraform-",
            "placement_group": "",
            "predicted_capacity": 0,
            "protect_from_scale_in": false,
            "service_linked_role_arn": "arn:aws:iam::183631347930:role/aws-service-role/autoscaling.amazonaws.com/AWSServiceRoleForAutoScaling",
            "suspended_processes": [],
            "tag": [],
            "tags": null,
            "target_group_arns": [],
            "termination_policies": [],
            "timeouts": null,
            "vpc_zone_identifier": [
              "subnet-04833b6e7f1bbdb50"
            ],
            "wait_for_capacity_timeout": "10m",
            "wait_for_elb_capacity": null,
            "warm_pool": [],
            "warm_pool_size": 0
          },
          "sensitive_attributes": [],
          "private": "eyJlMmJmYjczMC1lY2FhLTExZTYtOGY4OC0zNDM2M2JjN2M0YzAiOnsiZGVsZXRlIjo2MDAwMDAwMDAwMDAsInVwZGF0ZSI6NjAwMDAwMDAwMDAwfX0=",
          "dependencies": [
            "aws_elb.example",
            "aws_launch_template.example",
            "aws_security_group.allow_ssh_http",
            "aws_subnet.public",
            "aws_vpc.main"
          ]
        }
      ]
    },
    {
      "mode": "managed",
      "type": "aws_ebs_volume",
      "name": "example",
      "provider": "provider[\"registry.terraform.io/hashicorp/aws\"]",
      "instances": [
        {
          "schema_version": 0,
          "attributes": {
            "arn": "arn:aws:ec2:us-west-1:183631347930:volume/vol-013269d1667896eae",
            "availability_zone": "us-west-1b",
            "encrypted": false,
            "final_snapshot": false,
            "id": "vol-013269d1667896eae",
            "iops": 100,
            "kms_key_id": "",
            "multi_attach_enabled": false,
            "outpost_arn": "",
            "size": 1,
            "snapshot_id": "",
            "tags": {},
            "tags_all": {},
            "throughput": 0,
            "timeouts": null,
            "type": "gp2"
          },
          "sensitive_attributes": [],
          "private": "eyJlMmJmYjczMC1lY2FhLTExZTYtOGY4OC0zNDM2M2JjN2M0YzAiOnsiY3JlYXRlIjozMDAwMDAwMDAwMDAsImRlbGV0ZSI6MzAwMDAwMDAwMDAwLCJ1cGRhdGUiOjMwMDAwMDAwMDAwMH19"
        }
      ]
    },
    {
      "mode": "managed",
      "type": "aws_eip",
      "name": "app_server_eip",
      "provider": "provider[\"registry.terraform.io/hashicorp/aws\"]",
      "instances": [
        {
          "schema_version": 0,
          "attributes": {
            "address": null,
            "allocation_id": "eipalloc-031938a728f5a435c",
            "associate_with_private_ip": null,
            "association_id": "eipassoc-04997ea70441ff2b5",
            "carrier_ip": "",
            "customer_owned_ip": "",
            "customer_owned_ipv4_pool": "",
            "domain": "vpc",
            "id": "eipalloc-031938a728f5a435c",
            "instance": "i-033e4fb46b253ecaa",
            "network_border_group": "us-west-1",
            "network_interface": "eni-03eaccaead4b9a136",
            "private_dns": "ip-10-0-1-9.us-west-1.compute.internal",
            "private_ip": "10.0.1.9",
            "public_dns": "ec2-3-101-252-93.us-west-1.compute.amazonaws.com",
            "public_ip": "3.101.252.93",
            "public_ipv4_pool": "amazon",
            "tags": {},
            "tags_all": {},
            "timeouts": null,
            "vpc": true
          },
          "sensitive_attributes": [],
          "private": "eyJlMmJmYjczMC1lY2FhLTExZTYtOGY4OC0zNDM2M2JjN2M0YzAiOnsiZGVsZXRlIjoxODAwMDAwMDAwMDAsInJlYWQiOjkwMDAwMDAwMDAwMCwidXBkYXRlIjozMDAwMDAwMDAwMDB9fQ==",
          "dependencies": [
            "aws_instance.app_server",
            "aws_key_pair.key_pair",
            "aws_security_group.allow_ssh_http",
            "aws_subnet.public",
            "aws_vpc.main",
            "tls_private_key.key"
          ]
        }
      ]
    },
    {
      "mode": "managed",
      "type": "aws_elb",
      "name": "example",
      "provider": "provider[\"registry.terraform.io/hashicorp/aws\"]",
      "instances": [
        {
          "schema_version": 0,
          "attributes": {
            "access_logs": [],
            "arn": "arn:aws:elasticloadbalancing:us-west-1:183631347930:loadbalancer/example-elb",
            "availability_zones": [
              "us-west-1b"
            ],
            "connection_draining": false,
            "connection_draining_timeout": 300,
            "cross_zone_load_balancing": true,
            "desync_mitigation_mode": "defensive",
            "dns_name": "example-elb-727959360.us-west-1.elb.amazonaws.com",
            "health_check": [
              {
                "healthy_threshold": 3,
                "interval": 30,
                "target": "HTTP:80/index.html",
                "timeout": 5,
                "unhealthy_threshold": 3
              }
            ],
            "id": "example-elb",
            "idle_timeout": 60,
            "instances": [
              "i-01604e0c4bf0a5c72",
              "i-0aaf717f9ef538659"
            ],
            "internal": false,
            "listener": [
              {
                "instance_port": 80,
                "instance_protocol": "http",
                "lb_port": 80,
                "lb_protocol": "http",
                "ssl_certificate_id": ""
              }
            ],
            "name": "example-elb",
            "name_prefix": null,
            "security_groups": [
              "sg-0abe0d9e5ab12c5d3"
            ],
            "source_security_group": "183631347930/allow_ssh_http",
            "source_security_group_id": "sg-0abe0d9e5ab12c5d3",
            "subnets": [
              "subnet-04833b6e7f1bbdb50"
            ],
            "tags": {},
            "tags_all": {},
            "zone_id": "Z368ELLRRE2KJ0"
          },
          "sensitive_attributes": [],
          "private": "bnVsbA==",
          "dependencies": [
            "aws_security_group.allow_ssh_http",
            "aws_subnet.public",
            "aws_vpc.main"
          ]
        }
      ]
    },
    {
      "mode": "managed",
      "type": "aws_instance",
      "name": "app_server",
      "provider": "provider[\"registry.terraform.io/hashicorp/aws\"]",
      "instances": [
        {
          "schema_version": 1,
          "attributes": {
            "ami": "ami-0d53d72369335a9d6",
            "arn": "arn:aws:ec2:us-west-1:183631347930:instance/i-033e4fb46b253ecaa",
            "associate_public_ip_address": true,
            "availability_zone": "us-west-1b",
            "capacity_reservation_specification": [
              {
                "capacity_reservation_preference": "open",
                "capacity_reservation_target": []
              }
            ],
            "cpu_core_count": 2,
            "cpu_options": [
              {
                "amd_sev_snp": "",
                "core_count": 2,
                "threads_per_core": 1
              }
            ],
            "cpu_threads_per_core": 1,
            "credit_specification": [
              {
                "cpu_credits": "standard"
              }
            ],
            "disable_api_stop": false,
            "disable_api_termination": false,
            "ebs_block_device": [
              {
                "delete_on_termination": false,
                "device_name": "/dev/sdf",
                "encrypted": false,
                "iops": 100,
                "kms_key_id": "",
                "snapshot_id": "",
                "tags": {},
                "throughput": 0,
                "volume_id": "vol-013269d1667896eae",
                "volume_size": 1,
                "volume_type": "gp2"
              }
            ],
            "ebs_optimized": false,
            "enclave_options": [
              {
                "enabled": false
              }
            ],
            "ephemeral_block_device": [],
            "get_password_data": false,
            "hibernation": false,
            "host_id": "",
            "host_resource_group_arn": null,
            "iam_instance_profile": "",
            "id": "i-033e4fb46b253ecaa",
            "instance_initiated_shutdown_behavior": "stop",
            "instance_state": "running",
            "instance_type": "t2.large",
            "ipv6_address_count": 0,
            "ipv6_addresses": [],
            "key_name": "key",
            "launch_template": [],
            "maintenance_options": [
              {
                "auto_recovery": "default"
              }
            ],
            "metadata_options": [
              {
                "http_endpoint": "enabled",
                "http_put_response_hop_limit": 2,
                "http_tokens": "required",
                "instance_metadata_tags": "disabled"
              }
            ],
            "monitoring": false,
            "network_interface": [],
            "outpost_arn": "",
            "password_data": "",
            "placement_group": "",
            "placement_partition_number": 0,
            "primary_network_interface_id": "eni-03eaccaead4b9a136",
            "private_dns": "ip-10-0-1-9.us-west-1.compute.internal",
            "private_dns_name_options": [
              {
                "enable_resource_name_dns_a_record": false,
                "enable_resource_name_dns_aaaa_record": false,
                "hostname_type": "ip-name"
              }
            ],
            "private_ip": "10.0.1.9",
            "public_dns": "ec2-3-101-252-93.us-west-1.compute.amazonaws.com",
            "public_ip": "3.101.252.93",
            "root_block_device": [
              {
                "delete_on_termination": true,
                "device_name": "/dev/sda1",
                "encrypted": false,
                "iops": 3000,
                "kms_key_id": "",
                "tags": {},
                "throughput": 125,
                "volume_id": "vol-00240fafaea55b50b",
                "volume_size": 8,
                "volume_type": "gp3"
              }
            ],
            "secondary_private_ips": [],
            "security_groups": [],
            "source_dest_check": true,
            "subnet_id": "subnet-04833b6e7f1bbdb50",
            "tags": {},
            "tags_all": {},
            "tenancy": "default",
            "timeouts": null,
            "user_data": "3cb02ee2d6d53f83a17a684cf581b8f398ea986e",
            "user_data_base64": null,
            "user_data_replace_on_change": false,
            "volume_tags": null,
            "vpc_security_group_ids": [
              "sg-0abe0d9e5ab12c5d3"
            ]
          },
          "sensitive_attributes": [],
          "private": "eyJlMmJmYjczMC1lY2FhLTExZTYtOGY4OC0zNDM2M2JjN2M0YzAiOnsiY3JlYXRlIjo2MDAwMDAwMDAwMDAsImRlbGV0ZSI6MTIwMDAwMDAwMDAwMCwidXBkYXRlIjo2MDAwMDAwMDAwMDB9LCJzY2hlbWFfdmVyc2lvbiI6IjEifQ==",
          "dependencies": [
            "aws_key_pair.key_pair",
            "aws_security_group.allow_ssh_http",
            "aws_subnet.public"
          ]
        }
      ]
    },
    {
      "mode": "managed",
      "type": "aws_internet_gateway",
      "name": "main",
      "provider": "provider[\"registry.terraform.io/hashicorp/aws\"]",
      "instances": [
        {
          "schema_version": 0,
          "attributes": {
            "arn": "arn:aws:ec2:us-west-1:183631347930:internet-gateway/igw-001dd84437c3265c3",
            "id": "igw-001dd84437c3265c3",
            "owner_id": "183631347930",
            "tags": {
              "Name": "main"
            },
            "tags_all": {
              "Name": "main"
            },
            "timeouts": null,
            "vpc_id": "vpc-0ddc72861e274df48"
          },
          "sensitive_attributes": [],
          "private": "eyJlMmJmYjczMC1lY2FhLTExZTYtOGY4OC0zNDM2M2JjN2M0YzAiOnsiY3JlYXRlIjoxMjAwMDAwMDAwMDAwLCJkZWxldGUiOjEyMDAwMDAwMDAwMDAsInVwZGF0ZSI6MTIwMDAwMDAwMDAwMH19",
          "dependencies": [
            "aws_vpc.main"
          ]
        }
      ]
    },
    {
      "mode": "managed",
      "type": "aws_key_pair",
      "name": "key_pair",
      "provider": "provider[\"registry.terraform.io/hashicorp/aws\"]",
      "instances": [
        {
          "schema_version": 1,
          "attributes": {
            "arn": "arn:aws:ec2:us-west-1:183631347930:key-pair/key",
            "fingerprint": "3b:e7:dd:f3:f7:23:eb:ec:91:22:8a:cb:d0:56:fd:4c",
            "id": "key",
            "key_name": "key",
            "key_name_prefix": "",
            "key_pair_id": "key-0602af117c7c9547b",
            "key_type": "rsa",
            "public_key": "ssh-rsa AAAAB3NzaC1yc2EAAAADAQABAAACAQCaUo1JIGgZminZF38Z3ZmMCtSkszfqUBgiCIjBKSAApNS9BBEyAUN2f9f1o9KIz/R1yYKPjn+FEf5D5jKDysbKzqdn0q66Dq6KWr+Isn9H9OhOGMN76TUDZKIY2NmM/SxwYMa+/XusMQQH3Zi1tOjr5J6D549k6YbMBQCDn7O/muoROLcp1DTkxW7qBpUGMSRHlFPkDN9/dvVT/FUKi9UuX71rUwJ1M7tg0Qg0H6e86f5n0vaz8Qj3QYl/Xa0931qxgsFjoiK7Yml2Zzy9XC2WC/0U2zhEy+ftCS7EomAHZTaeU0CQaFaIs55Gmny2wZoOpgPJ11zVwfg0Hh5Te/OUymBOJelnwsll3YQPq6+gH5GeLauXnZ99M9a/ujHRPDzRJRgP2o/7ciMkk+NlLJAkP/uQmfCMrBLbO4h/e9L3Z30ZNZO/s2aqVTClYZtfOrhxaGujrX9BiuHPE4fGzH1dHkBhMBO7RTI2iCvvjCiCx54FK23MU4O4JUIF2Z2XdIP72bnJ0M9WHLyAsKLZGwtzcyHUxSATY5N/OJXdnyOe+x3qjD0sArVYrBj0GX76mCzocuHkX1SARWlWUcqHlCZSGlkA0Llo4hB/yZhCrpeMHbSQUdAmslha8TLAfSabCmcReYlo4ElUUQ97gOOTvPUV54I+3yKNInUpqj1Asa/Nxw==",
            "tags": {},
            "tags_all": {}
          },
          "sensitive_attributes": [],
          "private": "eyJzY2hlbWFfdmVyc2lvbiI6IjEifQ==",
          "dependencies": [
            "tls_private_key.key"
          ]
        }
      ]
    },
    {
      "mode": "managed",
      "type": "aws_launch_template",
      "name": "example",
      "provider": "provider[\"registry.terraform.io/hashicorp/aws\"]",
      "instances": [
        {
          "schema_version": 0,
          "attributes": {
            "arn": "arn:aws:ec2:us-west-1:183631347930:launch-template/lt-03441973732f0a59e",
            "block_device_mappings": [],
            "capacity_reservation_specification": [],
            "cpu_options": [],
            "credit_specification": [],
            "default_version": 1,
            "description": "",
            "disable_api_stop": false,
            "disable_api_termination": false,
            "ebs_optimized": "",
            "elastic_gpu_specifications": [],
            "elastic_inference_accelerator": [],
            "enclave_options": [],
            "hibernation_options": [],
            "iam_instance_profile": [],
            "id": "lt-03441973732f0a59e",
            "image_id": "ami-0d53d72369335a9d6",
            "instance_initiated_shutdown_behavior": "",
            "instance_market_options": [],
            "instance_requirements": [],
            "instance_type": "t2.micro",
            "kernel_id": "",
            "key_name": "",
            "latest_version": 1,
            "license_specification": [],
            "maintenance_options": [],
            "metadata_options": [],
            "monitoring": [],
            "name": "example20250512170117356200000002",
            "name_prefix": "example",
            "network_interfaces": [],
            "placement": [],
            "private_dns_name_options": [],
            "ram_disk_id": "",
            "security_group_names": [],
            "tag_specifications": [],
            "tags": {},
            "tags_all": {},
            "update_default_version": null,
            "user_data": "IyEvYmluL2Jhc2gKc3VkbyBhcHQtZ2V0IHVwZGF0ZQpzdWRvIGFwdC1nZXQgaW5zdGFsbCAteSBhcGFjaGUyCnN5c3RtY3RsIHN0YXJ0IGFwYWNoZTIKc3lzdG1jdGwgZW5hYmxlIGFwYWNoZTIKZWNobyAiPGgxPiBXZWxjb21lIHRvIG15IGluc3RhbmNlIDwvaDE+Ij4gL3Zhci93d3cvaHRtbC9pbmRleC5odG1sCm1rZGlyIC1wIC9ob21lL3VidW50dS8uc3NoCmVjaG8gInNzaC1yc2EgQUFBQUIzTnphQzF5YzJFQUFBQURBUUFCQUFBQ0FRRFBSZjZYWDFacFo5Yk1QcXgrTnlYUGt4UDJjNkVrRzMvaUlwOWFBZGhGaDNYTlFhRGx0SmQ4RXdVN25qdGVPbGNwV1M4WlYwQ1ZpQzU3Tk03dFB6cmtwbU9yNkp2QVV4VjJWdjRWNC9oQ2dMVk9Ma2RpZFZJVHhvZkFRaWQxdmVTeDIxaUc5anJIdWg0UzdRU29od2lyaWhqVjlGQjQ5YzJYSXNQSmtyd0FuRkdVeWJzVjdtdEdYZ0VYTGtGYU9XcC9mdDhLWEtFbHdMNExiNEY3TXhqMExpdUtUVkwxMVdBUjE5RWN0a2VyMldjWnhtRVQxZFRpMHg4MGNzRmpHNlF0UXRZL0N4Zmt3bDJvSXZ3eWsrVGNXb2daT25Qc2hUZm95NFFoRFNQNXBQbjNPNk5FMndUVFF3STVYcFFXbGFIVkxCbTJUNUJSZzhaU1c1a0F2dGxaQXBKelVqOVZIcnJBazNvWjcyZFlpN3d5Y2xjKzdSQVd0K3dlY3ZPK1hRWVR4WE5leFJaUVgvakJMcEtNM1Y3dkRmZ2NKakdTbCtKeDJxN3o0V1E2b01jdHczaXRyOHRnY2lLam5XR1hMS1dMOWJUaXc3eXlzRWFKUHVRU3RwVVRja1QvRTlvZHZjcmovUkJxK3lHZitjSld4bklVUWJFN1RKV3lBL0V0T2RSL3RMOVk3WUFlYUZZeTdCZDUvVlpNRjBpMUFJbWFwZjhkS2k5ZjU3TVVrZXNLVjhPMUhPT0p2MW16U1RNbmhYV0VNdEdzNFpHbzJBQjY1ZXJ1WUVsUjhjUythVE9MK21iaDV0OVVGaG82Wnp0L002V3RmQjBDVlVMTHM4SHZEZWJVMzNwMGFnQnRNUHFnNm40NmdRdFVoc3Mvcms5SWxzZXBxYVRSbnhKOURRPT0iID4+IC9ob21lL3VidW50dS8uc3NoCmNob3duIC1SIHVidW50dTp1YnVudHUgL2hvbWUvdWJ1bnR1Ly5zc2gKY2htb2QgNzAwIC9ob21lL3VidW50dS8uc3NoCmNobW9kIDYwMCAvaG9tZS91YnVudHUvLnNzaC9hdXRob3Jpc2VkX2tleXMK",
            "vpc_security_group_ids": [
              "sg-0abe0d9e5ab12c5d3"
            ]
          },
          "sensitive_attributes": [],
          "private": "bnVsbA==",
          "dependencies": [
            "aws_security_group.allow_ssh_http",
            "aws_vpc.main"
          ]
        }
      ]
    },
    {
      "mode": "managed",
      "type": "aws_route_table",
      "name": "public",
      "provider": "provider[\"registry.terraform.io/hashicorp/aws\"]",
      "instances": [
        {
          "schema_version": 0,
          "attributes": {
            "arn": "arn:aws:ec2:us-west-1:183631347930:route-table/rtb-03fce98a0bb3099e3",
            "id": "rtb-03fce98a0bb3099e3",
            "owner_id": "183631347930",
            "propagating_vgws": [],
            "route": [
              {
                "carrier_gateway_id": "",
                "cidr_block": "0.0.0.0/0",
                "core_network_arn": "",
                "destination_prefix_list_id": "",
                "egress_only_gateway_id": "",
                "gateway_id": "igw-001dd84437c3265c3",
                "instance_id": "",
                "ipv6_cidr_block": "",
                "local_gateway_id": "",
                "nat_gateway_id": "",
                "network_interface_id": "",
                "transit_gateway_id": "",
                "vpc_endpoint_id": "",
                "vpc_peering_connection_id": ""
              }
            ],
            "tags": {
              "Name": "public"
            },
            "tags_all": {
              "Name": "public"
            },
            "timeouts": null,
            "vpc_id": "vpc-0ddc72861e274df48"
          },
          "sensitive_attributes": [],
          "private": "eyJlMmJmYjczMC1lY2FhLTExZTYtOGY4OC0zNDM2M2JjN2M0YzAiOnsiY3JlYXRlIjozMDAwMDAwMDAwMDAsImRlbGV0ZSI6MzAwMDAwMDAwMDAwLCJ1cGRhdGUiOjEyMDAwMDAwMDAwMH19",
          "dependencies": [
            "aws_internet_gateway.main",
            "aws_vpc.main"
          ]
        }
      ]
    },
    {
      "mode": "managed",
      "type": "aws_route_table_association",
      "name": "public",
      "provider": "provider[\"registry.terraform.io/hashicorp/aws\"]",
      "instances": [
        {
          "schema_version": 0,
          "attributes": {
            "gateway_id": "",
            "id": "rtbassoc-0d076f3773c62528a",
            "route_table_id": "rtb-03fce98a0bb3099e3",
            "subnet_id": "subnet-04833b6e7f1bbdb50",
            "timeouts": null
          },
          "sensitive_attributes": [],
          "private": "eyJlMmJmYjczMC1lY2FhLTExZTYtOGY4OC0zNDM2M2JjN2M0YzAiOnsiY3JlYXRlIjozMDAwMDAwMDAwMDAsImRlbGV0ZSI6MzAwMDAwMDAwMDAwLCJ1cGRhdGUiOjEyMDAwMDAwMDAwMH19",
          "dependencies": [
            "aws_internet_gateway.main",
            "aws_route_table.public",
            "aws_subnet.public",
            "aws_vpc.main"
          ]
        }
      ]
    },
    {
      "mode": "managed",
      "type": "aws_security_group",
      "name": "allow_ssh_http",
      "provider": "provider[\"registry.terraform.io/hashicorp/aws\"]",
      "instances": [
        {
          "schema_version": 1,
          "attributes": {
            "arn": "arn:aws:ec2:us-west-1:183631347930:security-group/sg-0abe0d9e5ab12c5d3",
            "description": "Allow TLS inbound traffic and all outbound traffic",
            "egress": [
              {
                "cidr_blocks": [
                  "0.0.0.0/0"
                ],
                "description": "",
                "from_port": 0,
                "ipv6_cidr_blocks": [
                  "::/0"
                ],
                "prefix_list_ids": [],
                "protocol": "-1",
                "security_groups": [],
                "self": false,
                "to_port": 0
              },
              {
                "cidr_blocks": [
                  "0.0.0.0/0"
                ],
                "description": "",
                "from_port": 3000,
                "ipv6_cidr_blocks": [],
                "prefix_list_ids": [],
                "protocol": "tcp",
                "security_groups": [],
                "self": false,
                "to_port": 3000
              },
              {
                "cidr_blocks": [
                  "0.0.0.0/0"
                ],
                "description": "",
                "from_port": 3306,
                "ipv6_cidr_blocks": [],
                "prefix_list_ids": [],
                "protocol": "tcp",
                "security_groups": [],
                "self": false,
                "to_port": 3306
              },
              {
                "cidr_blocks": [
                  "0.0.0.0/0"
                ],
                "description": "",
                "from_port": 8000,
                "ipv6_cidr_blocks": [],
                "prefix_list_ids": [],
                "protocol": "tcp",
                "security_groups": [],
                "self": false,
                "to_port": 8000
              }
            ],
            "id": "sg-0abe0d9e5ab12c5d3",
            "ingress": [
              {
                "cidr_blocks": [
                  "0.0.0.0/0"
                ],
                "description": "",
                "from_port": 22,
                "ipv6_cidr_blocks": [
                  "::/0"
                ],
                "prefix_list_ids": [],
                "protocol": "tcp",
                "security_groups": [],
                "self": false,
                "to_port": 22
              },
              {
                "cidr_blocks": [
                  "0.0.0.0/0"
                ],
                "description": "",
                "from_port": 3000,
                "ipv6_cidr_blocks": [],
                "prefix_list_ids": [],
                "protocol": "tcp",
                "security_groups": [],
                "self": false,
                "to_port": 3000
              },
              {
                "cidr_blocks": [
                  "0.0.0.0/0"
                ],
                "description": "",
                "from_port": 3306,
                "ipv6_cidr_blocks": [],
                "prefix_list_ids": [],
                "protocol": "tcp",
                "security_groups": [],
                "self": false,
                "to_port": 3306
              },
              {
                "cidr_blocks": [
                  "0.0.0.0/0"
                ],
                "description": "",
                "from_port": 8000,
                "ipv6_cidr_blocks": [],
                "prefix_list_ids": [],
                "protocol": "tcp",
                "security_groups": [],
                "self": false,
                "to_port": 8000
              },
              {
                "cidr_blocks": [
                  "0.0.0.0/0"
                ],
                "description": "",
                "from_port": 80,
                "ipv6_cidr_blocks": [
                  "::/0"
                ],
                "prefix_list_ids": [],
                "protocol": "tcp",
                "security_groups": [],
                "self": false,
                "to_port": 80
              }
            ],
            "name": "allow_ssh_http",
            "name_prefix": "",
            "owner_id": "183631347930",
            "revoke_rules_on_delete": false,
            "tags": {
              "Name": "allow_ssh_http"
            },
            "tags_all": {
              "Name": "allow_ssh_http"
            },
            "timeouts": null,
            "vpc_id": "vpc-0ddc72861e274df48"
          },
          "sensitive_attributes": [],
          "private": "eyJlMmJmYjczMC1lY2FhLTExZTYtOGY4OC0zNDM2M2JjN2M0YzAiOnsiY3JlYXRlIjo2MDAwMDAwMDAwMDAsImRlbGV0ZSI6OTAwMDAwMDAwMDAwfSwic2NoZW1hX3ZlcnNpb24iOiIxIn0=",
          "dependencies": [
            "aws_vpc.main"
          ]
        }
      ]
    },
    {
      "mode": "managed",
      "type": "aws_subnet",
      "name": "public",
      "provider": "provider[\"registry.terraform.io/hashicorp/aws\"]",
      "instances": [
        {
          "schema_version": 1,
          "attributes": {
            "arn": "arn:aws:ec2:us-west-1:183631347930:subnet/subnet-04833b6e7f1bbdb50",
            "assign_ipv6_address_on_creation": false,
            "availability_zone": "us-west-1b",
            "availability_zone_id": "usw1-az3",
            "cidr_block": "10.0.1.0/24",
            "customer_owned_ipv4_pool": "",
            "enable_dns64": false,
            "enable_lni_at_device_index": 0,
            "enable_resource_name_dns_a_record_on_launch": false,
            "enable_resource_name_dns_aaaa_record_on_launch": false,
            "id": "subnet-04833b6e7f1bbdb50",
            "ipv6_cidr_block": "",
            "ipv6_cidr_block_association_id": "",
            "ipv6_native": false,
            "map_customer_owned_ip_on_launch": false,
            "map_public_ip_on_launch": true,
            "outpost_arn": "",
            "owner_id": "183631347930",
            "private_dns_hostname_type_on_launch": "ip-name",
            "tags": {
              "Name": "public"
            },
            "tags_all": {
              "Name": "public"
            },
            "timeouts": null,
            "vpc_id": "vpc-0ddc72861e274df48"
          },
          "sensitive_attributes": [],
          "private": "eyJlMmJmYjczMC1lY2FhLTExZTYtOGY4OC0zNDM2M2JjN2M0YzAiOnsiY3JlYXRlIjo2MDAwMDAwMDAwMDAsImRlbGV0ZSI6MTIwMDAwMDAwMDAwMH0sInNjaGVtYV92ZXJzaW9uIjoiMSJ9",
          "dependencies": [
            "aws_vpc.main"
          ]
        }
      ]
    },
    {
      "mode": "managed",
      "type": "aws_volume_attachment",
      "name": "ebs_att",
      "provider": "provider[\"registry.terraform.io/hashicorp/aws\"]",
      "instances": [
        {
          "schema_version": 0,
          "attributes": {
            "device_name": "/dev/sdf",
            "force_detach": null,
            "id": "vai-4015679343",
            "instance_id": "i-033e4fb46b253ecaa",
            "skip_destroy": null,
            "stop_instance_before_detaching": null,
            "timeouts": null,
            "volume_id": "vol-013269d1667896eae"
          },
          "sensitive_attributes": [],
          "private": "eyJlMmJmYjczMC1lY2FhLTExZTYtOGY4OC0zNDM2M2JjN2M0YzAiOnsiY3JlYXRlIjozMDAwMDAwMDAwMDAsImRlbGV0ZSI6MzAwMDAwMDAwMDAwfX0=",
          "dependencies": [
            "aws_ebs_volume.example",
            "aws_instance.app_server",
            "aws_key_pair.key_pair",
            "aws_security_group.allow_ssh_http",
            "aws_subnet.public",
            "aws_vpc.main",
            "tls_private_key.key"
          ]
        }
      ]
    },
    {
      "mode": "managed",
      "type": "aws_vpc",
      "name": "main",
      "provider": "provider[\"registry.terraform.io/hashicorp/aws\"]",
      "instances": [
        {
          "schema_version": 1,
          "attributes": {
            "arn": "arn:aws:ec2:us-west-1:183631347930:vpc/vpc-0ddc72861e274df48",
            "assign_generated_ipv6_cidr_block": false,
            "cidr_block": "10.0.0.0/16",
            "default_network_acl_id": "acl-04d6199c39043321b",
            "default_route_table_id": "rtb-0de36910128c3477c",
            "default_security_group_id": "sg-0e1f7180ceb5c7c14",
            "dhcp_options_id": "dopt-026fc273830a97e5f",
            "enable_classiclink": false,
            "enable_classiclink_dns_support": false,
            "enable_dns_hostnames": true,
            "enable_dns_support": true,
            "enable_network_address_usage_metrics": false,
            "id": "vpc-0ddc72861e274df48",
            "instance_tenancy": "default",
            "ipv4_ipam_pool_id": null,
            "ipv4_netmask_length": null,
            "ipv6_association_id": "",
            "ipv6_cidr_block": "",
            "ipv6_cidr_block_network_border_group": "",
            "ipv6_ipam_pool_id": "",
            "ipv6_netmask_length": 0,
            "main_route_table_id": "rtb-0de36910128c3477c",
            "owner_id": "183631347930",
            "tags": {
              "Name": "main"
            },
            "tags_all": {
              "Name": "main"
            }
          },
          "sensitive_attributes": [],
          "private": "eyJzY2hlbWFfdmVyc2lvbiI6IjEifQ=="
        }
      ]
    },
    {
      "mode": "managed",
      "type": "aws_vpc_security_group_egress_rule",
      "name": "allow_all_traffic_ipv4",
      "provider": "provider[\"registry.terraform.io/hashicorp/aws\"]",
      "instances": [
        {
          "schema_version": 0,
          "attributes": {
            "arn": "arn:aws:ec2:us-west-1:183631347930:security-group-rule/sgr-074bdfde85c5ad0ea",
            "cidr_ipv4": "0.0.0.0/0",
            "cidr_ipv6": null,
            "description": null,
            "from_port": null,
            "id": "sgr-074bdfde85c5ad0ea",
            "ip_protocol": "-1",
            "prefix_list_id": null,
            "referenced_security_group_id": null,
            "security_group_id": "sg-0abe0d9e5ab12c5d3",
            "security_group_rule_id": "sgr-074bdfde85c5ad0ea",
            "tags": null,
            "tags_all": {},
            "to_port": null
          },
          "sensitive_attributes": [],
          "dependencies": [
            "aws_security_group.allow_ssh_http",
            "aws_vpc.main"
          ]
        }
      ]
    },
    {
      "mode": "managed",
      "type": "aws_vpc_security_group_egress_rule",
      "name": "allow_all_traffic_ipv6",
      "provider": "provider[\"registry.terraform.io/hashicorp/aws\"]",
      "instances": [
        {
          "schema_version": 0,
          "attributes": {
            "arn": "arn:aws:ec2:us-west-1:183631347930:security-group-rule/sgr-07bfc0a3f9bd4d018",
            "cidr_ipv4": null,
            "cidr_ipv6": "::/0",
            "description": null,
            "from_port": null,
            "id": "sgr-07bfc0a3f9bd4d018",
            "ip_protocol": "-1",
            "prefix_list_id": null,
            "referenced_security_group_id": null,
            "security_group_id": "sg-0abe0d9e5ab12c5d3",
            "security_group_rule_id": "sgr-07bfc0a3f9bd4d018",
            "tags": null,
            "tags_all": {},
            "to_port": null
          },
          "sensitive_attributes": [],
          "dependencies": [
            "aws_security_group.allow_ssh_http",
            "aws_vpc.main"
          ]
        }
      ]
    },
    {
      "mode": "managed",
      "type": "aws_vpc_security_group_ingress_rule",
      "name": "allow_http_ipv4",
      "provider": "provider[\"registry.terraform.io/hashicorp/aws\"]",
      "instances": [
        {
          "schema_version": 0,
          "attributes": {
            "arn": "arn:aws:ec2:us-west-1:183631347930:security-group-rule/sgr-08ea0bceac791328a",
            "cidr_ipv4": "0.0.0.0/0",
            "cidr_ipv6": null,
            "description": null,
            "from_port": 80,
            "id": "sgr-08ea0bceac791328a",
            "ip_protocol": "tcp",
            "prefix_list_id": null,
            "referenced_security_group_id": null,
            "security_group_id": "sg-0abe0d9e5ab12c5d3",
            "security_group_rule_id": "sgr-08ea0bceac791328a",
            "tags": null,
            "tags_all": {},
            "to_port": 80
          },
          "sensitive_attributes": [],
          "dependencies": [
            "aws_security_group.allow_ssh_http",
            "aws_vpc.main"
          ]
        }
      ]
    },
    {
      "mode": "managed",
      "type": "aws_vpc_security_group_ingress_rule",
      "name": "allow_http_ipv6",
      "provider": "provider[\"registry.terraform.io/hashicorp/aws\"]",
      "instances": [
        {
          "schema_version": 0,
          "attributes": {
            "arn": "arn:aws:ec2:us-west-1:183631347930:security-group-rule/sgr-02975867477cc8978",
            "cidr_ipv4": null,
            "cidr_ipv6": "::/0",
            "description": null,
            "from_port": 80,
            "id": "sgr-02975867477cc8978",
            "ip_protocol": "tcp",
            "prefix_list_id": null,
            "referenced_security_group_id": null,
            "security_group_id": "sg-0abe0d9e5ab12c5d3",
            "security_group_rule_id": "sgr-02975867477cc8978",
            "tags": null,
            "tags_all": {},
            "to_port": 80
          },
          "sensitive_attributes": [],
          "dependencies": [
            "aws_security_group.allow_ssh_http",
            "aws_vpc.main"
          ]
        }
      ]
    },
    {
      "mode": "managed",
      "type": "aws_vpc_security_group_ingress_rule",
      "name": "allow_ssh_ipv4",
      "provider": "provider[\"registry.terraform.io/hashicorp/aws\"]",
      "instances": [
        {
          "schema_version": 0,
          "attributes": {
            "arn": "arn:aws:ec2:us-west-1:183631347930:security-group-rule/sgr-0ff9e2b5749fc04a7",
            "cidr_ipv4": "0.0.0.0/0",
            "cidr_ipv6": null,
            "description": null,
            "from_port": 22,
            "id": "sgr-0ff9e2b5749fc04a7",
            "ip_protocol": "tcp",
            "prefix_list_id": null,
            "referenced_security_group_id": null,
            "security_group_id": "sg-0abe0d9e5ab12c5d3",
            "security_group_rule_id": "sgr-0ff9e2b5749fc04a7",
            "tags": null,
            "tags_all": {},
            "to_port": 22
          },
          "sensitive_attributes": [],
          "dependencies": [
            "aws_security_group.allow_ssh_http",
            "aws_vpc.main"
          ]
        }
      ]
    },
    {
      "mode": "managed",
      "type": "aws_vpc_security_group_ingress_rule",
      "name": "allow_ssh_ipv6",
      "provider": "provider[\"registry.terraform.io/hashicorp/aws\"]",
      "instances": [
        {
          "schema_version": 0,
          "attributes": {
            "arn": "arn:aws:ec2:us-west-1:183631347930:security-group-rule/sgr-01e6f7801ada538c7",
            "cidr_ipv4": null,
            "cidr_ipv6": "::/0",
            "description": null,
            "from_port": 22,
            "id": "sgr-01e6f7801ada538c7",
            "ip_protocol": "tcp",
            "prefix_list_id": null,
            "referenced_security_group_id": null,
            "security_group_id": "sg-0abe0d9e5ab12c5d3",
            "security_group_rule_id": "sgr-01e6f7801ada538c7",
            "tags": null,
            "tags_all": {},
            "to_port": 22
          },
          "sensitive_attributes": [],
          "dependencies": [
            "aws_security_group.allow_ssh_http",
            "aws_vpc.main"
          ]
        }
      ]
    },
    {
      "mode": "managed",
      "type": "tls_private_key",
      "name": "key",
      "provider": "provider[\"registry.terraform.io/hashicorp/tls\"]",
      "instances": [
        {
          "schema_version": 1,
          "attributes": {
            "algorithm": "RSA",
            "ecdsa_curve": "P224",
            "id": "54c01f4aeed58d91729194afebe9c53d7f8e50c5",
            "private_key_openssh": "-----BEGIN OPENSSH PRIVATE KEY-----\nb3BlbnNzaC1rZXktdjEAAAAABG5vbmUAAAAEbm9uZQAAAAAAAAABAAACFwAAAAdz\nc2gtcnNhAAAAAwEAAQAAAgEAmlKNSSBoGZop2Rd/Gd2ZjArUpLM36lAYIgiIwSkg\nAKTUvQQRMgFDdn/X9aPSiM/0dcmCj45/hRH+Q+Yyg8rGys6nZ9Kuug6uilq/iLJ/\nR/ToThjDe+k1A2SiGNjZjP0scGDGvv17rDEEB92YtbTo6+Seg+ePZOmGzAUAg5+z\nv5rqETi3KdQ05MVu6gaVBjEkR5RT5Azff3b1U/xVCovVLl+9a1MCdTO7YNEINB+n\nvOn+Z9L2s/EI90GJf12tPd9asYLBY6Iiu2Jpdmc8vVwtlgv9FNs4RMvn7QkuxKJg\nB2U2nlNAkGhWiLOeRpp8tsGaDqYDyddc1cH4NB4eU3vzlMpgTiXpZ8LJZd2ED6uv\noB+Rni2rl52ffTPWv7ox0Tw80SUYD9qP+3IjJJPjZSyQJD/7kJnwjKwS2zuIf3vS\n92d9GTWTv7NmqlUwpWGbXzq4cWhro61/QYrhzxOHxsx9XR5AYTATu0UyNogr74wo\ngseeBSttzFODuCVCBdmdl3SD+9m5ydDPVhy8gLCi2RsLc3Mh1MUgE2OTfziV3Z8j\nnvsd6ow9LAK1WKwY9Bl++pgs6HLh5F9UgEVpVlHKh5QmUhpZANC5aOIQf8mYQq6X\njB20kFHQJrJYWvEywH0mmwpnEXmJaOBJVFEPe4Djk7z1FeeCPt8ijSJ1Kao9QLGv\nzccAAAc4LOf0ISzn9CEAAAAHc3NoLXJzYQAAAgEAmlKNSSBoGZop2Rd/Gd2ZjArU\npLM36lAYIgiIwSkgAKTUvQQRMgFDdn/X9aPSiM/0dcmCj45/hRH+Q+Yyg8rGys6n\nZ9Kuug6uilq/iLJ/R/ToThjDe+k1A2SiGNjZjP0scGDGvv17rDEEB92YtbTo6+Se\ng+ePZOmGzAUAg5+zv5rqETi3KdQ05MVu6gaVBjEkR5RT5Azff3b1U/xVCovVLl+9\na1MCdTO7YNEINB+nvOn+Z9L2s/EI90GJf12tPd9asYLBY6Iiu2Jpdmc8vVwtlgv9\nFNs4RMvn7QkuxKJgB2U2nlNAkGhWiLOeRpp8tsGaDqYDyddc1cH4NB4eU3vzlMpg\nTiXpZ8LJZd2ED6uvoB+Rni2rl52ffTPWv7ox0Tw80SUYD9qP+3IjJJPjZSyQJD/7\nkJnwjKwS2zuIf3vS92d9GTWTv7NmqlUwpWGbXzq4cWhro61/QYrhzxOHxsx9XR5A\nYTATu0UyNogr74wogseeBSttzFODuCVCBdmdl3SD+9m5ydDPVhy8gLCi2RsLc3Mh\n1MUgE2OTfziV3Z8jnvsd6ow9LAK1WKwY9Bl++pgs6HLh5F9UgEVpVlHKh5QmUhpZ\nANC5aOIQf8mYQq6XjB20kFHQJrJYWvEywH0mmwpnEXmJaOBJVFEPe4Djk7z1FeeC\nPt8ijSJ1Kao9QLGvzccAAAADAQABAAACAA9UT/CJpY2VgL6t1NRO7Oe6U7EglFdU\nKXGIA32chi9KME+uTb733SmyPVOLOGiar5/bqnp0HzqqtOUtwqrQw7p1mK95gB2/\nQ5s+tHPxty8ApurLDvAKFFgH8Qoi0ElvBLENC/EA4P4TyGC3pGm4VMLJ7O0RXW8a\nu2ccwBZTENnhm4qmZZtkFvT6n6/jg34f94ictVCb7r+Mo4X6NMBdb4mxvPEiR8Y4\no05UtUnoMxNS8xCBJjxtnwRgoDXkqkbRHwMvB+LLwkN23R8D1kbBF04mVrdxpz8+\nOgWTue+SaZOSfEBx6KHvm1js7rX4tpa42ILH/uxX1kLth6g1rbGBSIrBqQWndArb\nGiVxwjygNu9BgQyH/UsVn+NRXvfTZJc/G/SMfsOqMxc5RD7KTHOLtm2HoBOd2lsp\nbrr1o1RINgNaPAF/I1XI9sCAvWl4oey/6IGynzx/0zfRfgS35KC8FC44UpFltkFR\nV/+IcXQC99TKtZVS1Z7NB723PENgjGxAekXU2R6zU1Rwtd5kwkJIlMPsBzElEar+\nwX6y90NG0FaROg7xYoe7CYrnRRiP/Qk/NJ65E49hdLFYEV9+xqjuXIhY4ok688nH\nynF7IYcd1zajtafjzWdcbLJNzavTBa/D1k75ye5fwbMIHwjplxduITzbMff+Uuc4\nQiNT3O+XZuSxAAABAQCJ8RbQkTYN3/vYjL8fsLiXsyR9vNw8A07S2l233jI4tLo3\n5cvV/7lK+lU5o5SnHMA5remLqe4ekCXA2m+CVT3s17v51sj4XDrFA8/GF97u4mOB\ntjE6q3jPIn+Ozxa8n8arOPyhxM45q/BgUZPtFKlP0Tx2D5IeSKvUoH6hHKQjMJ3v\neGg4E9LKlYyNFeBSuxOboGchAqDbiCgTkc7h31T4fNkzX4KYWz6B2EwNQ53o8Qdj\nO6iJxMdt8wGOJAJwjVNyH5rboxp7vg3kkz52UV1FPFOGjAeVxaMfjDII1cdamWQF\nLsvpq2cSazGGFoTAA9PLj0DYWhbOjwnCY6ysatX/AAABAQDDNVYOS3N4xACxERv8\nk3b5p5F90+YdkEapSlkUkHqfJMaC3yGNiHwOS1DQyQV3ujbaLdku8ewIt7AVEyLz\nnus5eaKo5kqDBct8uVO/PlBpvCFQUsCg7ccOg2S3tBlC2D1T8rZiiSn0Jy4wfxpq\nWZafVgjIFsnBiN6jNU8OJtDA/0gePdmOYEeLVbS0XFgouhq8ZhG1oVKbYPg0Fuoc\n7eBqvC5cP/kNOyZeF7PiVCW99LN/eI33BZ6OAAqhiPHvWIpoIRR5pc5ynEffQZE8\nCz+FLIH3hEKxjqziDVK6ySbbl1ExjcZOPYBRHOCwneXCJCmJqM9jHdUK//jDShXw\nV5SFAAABAQDKYagWm0SfZMYmkB2B026TxhseCR7xRk7ziFfErg3gNlWleVZkrDWu\nvLD6bCyUHniGON18iMXEtQxOPjtwcJ+2ztula0c/JKWcEU3HWhfyNFNufrE5GCNk\n8CRxo1z5XkAYSpxmNg8XQ3ew5u+KkuxfPdbHG3zXuDSLVLtTD7csEMMulnXxqS/p\nyj5Qt8t41/j3u1KVUozbhouPoEncg2UAMekJ8awsPr2jLlKnuo1F5OvR5W0s7QMI\njE+xlkzansyYYxi3xhse1Kt3ZNcQ7r927+MyNrBCYNAsPz1xJAJ56u5xoX9tUIki\nPFYM6OnIdHkNH7NEiUJjYOqDDmaX4MDbAAAAAAEC\n-----END OPENSSH PRIVATE KEY-----\n",
            "private_key_pem": "-----BEGIN RSA PRIVATE KEY-----\nMIIJKQIBAAKCAgEAmlKNSSBoGZop2Rd/Gd2ZjArUpLM36lAYIgiIwSkgAKTUvQQR\nMgFDdn/X9aPSiM/0dcmCj45/hRH+Q+Yyg8rGys6nZ9Kuug6uilq/iLJ/R/ToThjD\ne+k1A2SiGNjZjP0scGDGvv17rDEEB92YtbTo6+Seg+ePZOmGzAUAg5+zv5rqETi3\nKdQ05MVu6gaVBjEkR5RT5Azff3b1U/xVCovVLl+9a1MCdTO7YNEINB+nvOn+Z9L2\ns/EI90GJf12tPd9asYLBY6Iiu2Jpdmc8vVwtlgv9FNs4RMvn7QkuxKJgB2U2nlNA\nkGhWiLOeRpp8tsGaDqYDyddc1cH4NB4eU3vzlMpgTiXpZ8LJZd2ED6uvoB+Rni2r\nl52ffTPWv7ox0Tw80SUYD9qP+3IjJJPjZSyQJD/7kJnwjKwS2zuIf3vS92d9GTWT\nv7NmqlUwpWGbXzq4cWhro61/QYrhzxOHxsx9XR5AYTATu0UyNogr74wogseeBStt\nzFODuCVCBdmdl3SD+9m5ydDPVhy8gLCi2RsLc3Mh1MUgE2OTfziV3Z8jnvsd6ow9\nLAK1WKwY9Bl++pgs6HLh5F9UgEVpVlHKh5QmUhpZANC5aOIQf8mYQq6XjB20kFHQ\nJrJYWvEywH0mmwpnEXmJaOBJVFEPe4Djk7z1FeeCPt8ijSJ1Kao9QLGvzccCAwEA\nAQKCAgAPVE/wiaWNlYC+rdTUTuznulOxIJRXVClxiAN9nIYvSjBPrk2+990psj1T\nizhomq+f26p6dB86qrTlLcKq0MO6dZiveYAdv0ObPrRz8bcvAKbqyw7wChRYB/EK\nItBJbwSxDQvxAOD+E8hgt6RpuFTCyeztEV1vGrtnHMAWUxDZ4ZuKpmWbZBb0+p+v\n44N+H/eInLVQm+6/jKOF+jTAXW+JsbzxIkfGOKNOVLVJ6DMTUvMQgSY8bZ8EYKA1\n5KpG0R8DLwfiy8JDdt0fA9ZGwRdOJla3cac/PjoFk7nvkmmTknxAceih75tY7O61\n+LaWuNiCx/7sV9ZC7YeoNa2xgUiKwakFp3QK2xolccI8oDbvQYEMh/1LFZ/jUV73\n02SXPxv0jH7DqjMXOUQ+ykxzi7Zth6ATndpbKW669aNUSDYDWjwBfyNVyPbAgL1p\neKHsv+iBsp88f9M30X4Et+SgvBQuOFKRZbZBUVf/iHF0AvfUyrWVUtWezQe9tzxD\nYIxsQHpF1Nkes1NUcLXeZMJCSJTD7AcxJRGq/sF+svdDRtBWkToO8WKHuwmK50UY\nj/0JPzSeuROPYXSxWBFffsao7lyIWOKJOvPJx8pxeyGHHdc2o7Wn481nXGyyTc2r\n0wWvw9ZO+cnuX8GzCB8I6ZcXbiE82zH3/lLnOEIjU9zvl2bksQKCAQEAwzVWDktz\neMQAsREb/JN2+aeRfdPmHZBGqUpZFJB6nyTGgt8hjYh8DktQ0MkFd7o22i3ZLvHs\nCLewFRMi857rOXmiqOZKgwXLfLlTvz5QabwhUFLAoO3HDoNkt7QZQtg9U/K2Yokp\n9CcuMH8aalmWn1YIyBbJwYjeozVPDibQwP9IHj3ZjmBHi1W0tFxYKLoavGYRtaFS\nm2D4NBbqHO3garwuXD/5DTsmXhez4lQlvfSzf3iN9wWejgAKoYjx71iKaCEUeaXO\ncpxH30GRPAs/hSyB94RCsY6s4g1Suskm25dRMY3GTj2AURzgsJ3lwiQpiajPYx3V\nCv/4w0oV8FeUhQKCAQEAymGoFptEn2TGJpAdgdNuk8YbHgke8UZO84hXxK4N4DZV\npXlWZKw1rryw+mwslB54hjjdfIjFxLUMTj47cHCfts7bpWtHPySlnBFNx1oX8jRT\nbn6xORgjZPAkcaNc+V5AGEqcZjYPF0N3sObvipLsXz3Wxxt817g0i1S7Uw+3LBDD\nLpZ18akv6co+ULfLeNf497tSlVKM24aLj6BJ3INlADHpCfGsLD69oy5Sp7qNReTr\n0eVtLO0DCIxPsZZM2p7MmGMYt8YbHtSrd2TXEO6/du/jMjawQmDQLD89cSQCeeru\ncaF/bVCJIjxWDOjpyHR5DR+zRIlCY2Dqgw5ml+DA2wKCAQAXmLDoVXKF3JuAy+Ko\nK2MsVncd0Kl2VWRVPml6NOS9rAJa+4Hgy+jDCZOhSUth556NzRD9vbycaSfdxExr\nSoCAmBVzeTL0l5S7ZOOcsHmj7lvQi9BBI7z2IifglOKg0+bF6Qbm7lGl875/mj2l\nMWMlq46wMSD+Rf8zl1QRD9wYGEOtdCiCL102mIuZabg2ZBirQWNOo0uLALPACC0Q\nhiikfk7UU99VHBtNMGxMJYPSbGvuMrJmc8VwwMyILjegiQFiCO2irso/zGhbsl9N\n9MYe4Pxs4Q32zJpVUOr5LSuHS8lCxjJ8bq6+H1GBx/Rn/VsQCtnWz1pbVAnMAX6Z\naNzJAoIBAQCjfyt9P+i7YH1YUBsWdAokJepoZHPz9Zn40pAdW4PoO90LNrBd2mXw\nCY5scRG+g7NYs/3zCsfC94S+fTYly0asOAdoZveDAocsQypzv8wSpsU0QfPIrUCC\n3iKDD7gf2U2skjIxvMCKSb4bUyX37GQ7OUkXR5Se7bi9SzGek9amKdCVBYa5ObZ0\niCe5rBIcSVZgRJwd+DfFbbe3y4WAOUJSWv/qQayXfgRUHSs3R9WzvpHo2xFNNxi5\nQilrzYG/KIUfIweoB8qHKMZxSS0aB9b0Li58tYPFzFLBPEHV8oJxniMN96trU6HF\n37qg6VVc1QOqX47C8qSIhpZOVEb7sd37AoIBAQCJ8RbQkTYN3/vYjL8fsLiXsyR9\nvNw8A07S2l233jI4tLo35cvV/7lK+lU5o5SnHMA5remLqe4ekCXA2m+CVT3s17v5\n1sj4XDrFA8/GF97u4mOBtjE6q3jPIn+Ozxa8n8arOPyhxM45q/BgUZPtFKlP0Tx2\nD5IeSKvUoH6hHKQjMJ3veGg4E9LKlYyNFeBSuxOboGchAqDbiCgTkc7h31T4fNkz\nX4KYWz6B2EwNQ53o8QdjO6iJxMdt8wGOJAJwjVNyH5rboxp7vg3kkz52UV1FPFOG\njAeVxaMfjDII1cdamWQFLsvpq2cSazGGFoTAA9PLj0DYWhbOjwnCY6ysatX/\n-----END RSA PRIVATE KEY-----\n",
            "private_key_pem_pkcs8": "-----BEGIN PRIVATE KEY-----\nMIIJQwIBADANBgkqhkiG9w0BAQEFAASCCS0wggkpAgEAAoICAQCaUo1JIGgZminZ\nF38Z3ZmMCtSkszfqUBgiCIjBKSAApNS9BBEyAUN2f9f1o9KIz/R1yYKPjn+FEf5D\n5jKDysbKzqdn0q66Dq6KWr+Isn9H9OhOGMN76TUDZKIY2NmM/SxwYMa+/XusMQQH\n3Zi1tOjr5J6D549k6YbMBQCDn7O/muoROLcp1DTkxW7qBpUGMSRHlFPkDN9/dvVT\n/FUKi9UuX71rUwJ1M7tg0Qg0H6e86f5n0vaz8Qj3QYl/Xa0931qxgsFjoiK7Yml2\nZzy9XC2WC/0U2zhEy+ftCS7EomAHZTaeU0CQaFaIs55Gmny2wZoOpgPJ11zVwfg0\nHh5Te/OUymBOJelnwsll3YQPq6+gH5GeLauXnZ99M9a/ujHRPDzRJRgP2o/7ciMk\nk+NlLJAkP/uQmfCMrBLbO4h/e9L3Z30ZNZO/s2aqVTClYZtfOrhxaGujrX9BiuHP\nE4fGzH1dHkBhMBO7RTI2iCvvjCiCx54FK23MU4O4JUIF2Z2XdIP72bnJ0M9WHLyA\nsKLZGwtzcyHUxSATY5N/OJXdnyOe+x3qjD0sArVYrBj0GX76mCzocuHkX1SARWlW\nUcqHlCZSGlkA0Llo4hB/yZhCrpeMHbSQUdAmslha8TLAfSabCmcReYlo4ElUUQ97\ngOOTvPUV54I+3yKNInUpqj1Asa/NxwIDAQABAoICAA9UT/CJpY2VgL6t1NRO7Oe6\nU7EglFdUKXGIA32chi9KME+uTb733SmyPVOLOGiar5/bqnp0HzqqtOUtwqrQw7p1\nmK95gB2/Q5s+tHPxty8ApurLDvAKFFgH8Qoi0ElvBLENC/EA4P4TyGC3pGm4VMLJ\n7O0RXW8au2ccwBZTENnhm4qmZZtkFvT6n6/jg34f94ictVCb7r+Mo4X6NMBdb4mx\nvPEiR8Y4o05UtUnoMxNS8xCBJjxtnwRgoDXkqkbRHwMvB+LLwkN23R8D1kbBF04m\nVrdxpz8+OgWTue+SaZOSfEBx6KHvm1js7rX4tpa42ILH/uxX1kLth6g1rbGBSIrB\nqQWndArbGiVxwjygNu9BgQyH/UsVn+NRXvfTZJc/G/SMfsOqMxc5RD7KTHOLtm2H\noBOd2lspbrr1o1RINgNaPAF/I1XI9sCAvWl4oey/6IGynzx/0zfRfgS35KC8FC44\nUpFltkFRV/+IcXQC99TKtZVS1Z7NB723PENgjGxAekXU2R6zU1Rwtd5kwkJIlMPs\nBzElEar+wX6y90NG0FaROg7xYoe7CYrnRRiP/Qk/NJ65E49hdLFYEV9+xqjuXIhY\n4ok688nHynF7IYcd1zajtafjzWdcbLJNzavTBa/D1k75ye5fwbMIHwjplxduITzb\nMff+Uuc4QiNT3O+XZuSxAoIBAQDDNVYOS3N4xACxERv8k3b5p5F90+YdkEapSlkU\nkHqfJMaC3yGNiHwOS1DQyQV3ujbaLdku8ewIt7AVEyLznus5eaKo5kqDBct8uVO/\nPlBpvCFQUsCg7ccOg2S3tBlC2D1T8rZiiSn0Jy4wfxpqWZafVgjIFsnBiN6jNU8O\nJtDA/0gePdmOYEeLVbS0XFgouhq8ZhG1oVKbYPg0Fuoc7eBqvC5cP/kNOyZeF7Pi\nVCW99LN/eI33BZ6OAAqhiPHvWIpoIRR5pc5ynEffQZE8Cz+FLIH3hEKxjqziDVK6\nySbbl1ExjcZOPYBRHOCwneXCJCmJqM9jHdUK//jDShXwV5SFAoIBAQDKYagWm0Sf\nZMYmkB2B026TxhseCR7xRk7ziFfErg3gNlWleVZkrDWuvLD6bCyUHniGON18iMXE\ntQxOPjtwcJ+2ztula0c/JKWcEU3HWhfyNFNufrE5GCNk8CRxo1z5XkAYSpxmNg8X\nQ3ew5u+KkuxfPdbHG3zXuDSLVLtTD7csEMMulnXxqS/pyj5Qt8t41/j3u1KVUozb\nhouPoEncg2UAMekJ8awsPr2jLlKnuo1F5OvR5W0s7QMIjE+xlkzansyYYxi3xhse\n1Kt3ZNcQ7r927+MyNrBCYNAsPz1xJAJ56u5xoX9tUIkiPFYM6OnIdHkNH7NEiUJj\nYOqDDmaX4MDbAoIBABeYsOhVcoXcm4DL4qgrYyxWdx3QqXZVZFU+aXo05L2sAlr7\ngeDL6MMJk6FJS2Hnno3NEP29vJxpJ93ETGtKgICYFXN5MvSXlLtk45yweaPuW9CL\n0EEjvPYiJ+CU4qDT5sXpBubuUaXzvn+aPaUxYyWrjrAxIP5F/zOXVBEP3BgYQ610\nKIIvXTaYi5lpuDZkGKtBY06jS4sAs8AILRCGKKR+TtRT31UcG00wbEwlg9Jsa+4y\nsmZzxXDAzIguN6CJAWII7aKuyj/MaFuyX030xh7g/GzhDfbMmlVQ6vktK4dLyULG\nMnxurr4fUYHH9Gf9WxAK2dbPWltUCcwBfplo3MkCggEBAKN/K30/6LtgfVhQGxZ0\nCiQl6mhkc/P1mfjSkB1bg+g73Qs2sF3aZfAJjmxxEb6Ds1iz/fMKx8L3hL59NiXL\nRqw4B2hm94MChyxDKnO/zBKmxTRB88itQILeIoMPuB/ZTaySMjG8wIpJvhtTJffs\nZDs5SRdHlJ7tuL1LMZ6T1qYp0JUFhrk5tnSIJ7msEhxJVmBEnB34N8Vtt7fLhYA5\nQlJa/+pBrJd+BFQdKzdH1bO+kejbEU03GLlCKWvNgb8ohR8jB6gHyocoxnFJLRoH\n1vQuLny1g8XMUsE8QdXygnGeIw33q2tTocXfuqDpVVzVA6pfjsLypIiGlk5URvux\n3fsCggEBAInxFtCRNg3f+9iMvx+wuJezJH283DwDTtLaXbfeMji0ujfly9X/uUr6\nVTmjlKccwDmt6Yup7h6QJcDab4JVPezXu/nWyPhcOsUDz8YX3u7iY4G2MTqreM8i\nf47PFryfxqs4/KHEzjmr8GBRk+0UqU/RPHYPkh5Iq9SgfqEcpCMwne94aDgT0sqV\njI0V4FK7E5ugZyECoNuIKBORzuHfVPh82TNfgphbPoHYTA1DnejxB2M7qInEx23z\nAY4kAnCNU3IfmtujGnu+DeSTPnZRXUU8U4aMB5XFox+MMgjVx1qZZAUuy+mrZxJr\nMYYWhMAD08uPQNhaFs6PCcJjrKxq1f8=\n-----END PRIVATE KEY-----\n",
            "public_key_fingerprint_md5": "32:cc:00:69:e4:ec:44:8a:5a:5b:e8:a3:ba:a8:e6:f6",
            "public_key_fingerprint_sha256": "SHA256:aoYqPnFwAzPXyl9gI0QFaqpAKrTAyxIOX6aBh+TvNnI",
            "public_key_openssh": "ssh-rsa AAAAB3NzaC1yc2EAAAADAQABAAACAQCaUo1JIGgZminZF38Z3ZmMCtSkszfqUBgiCIjBKSAApNS9BBEyAUN2f9f1o9KIz/R1yYKPjn+FEf5D5jKDysbKzqdn0q66Dq6KWr+Isn9H9OhOGMN76TUDZKIY2NmM/SxwYMa+/XusMQQH3Zi1tOjr5J6D549k6YbMBQCDn7O/muoROLcp1DTkxW7qBpUGMSRHlFPkDN9/dvVT/FUKi9UuX71rUwJ1M7tg0Qg0H6e86f5n0vaz8Qj3QYl/Xa0931qxgsFjoiK7Yml2Zzy9XC2WC/0U2zhEy+ftCS7EomAHZTaeU0CQaFaIs55Gmny2wZoOpgPJ11zVwfg0Hh5Te/OUymBOJelnwsll3YQPq6+gH5GeLauXnZ99M9a/ujHRPDzRJRgP2o/7ciMkk+NlLJAkP/uQmfCMrBLbO4h/e9L3Z30ZNZO/s2aqVTClYZtfOrhxaGujrX9BiuHPE4fGzH1dHkBhMBO7RTI2iCvvjCiCx54FK23MU4O4JUIF2Z2XdIP72bnJ0M9WHLyAsKLZGwtzcyHUxSATY5N/OJXdnyOe+x3qjD0sArVYrBj0GX76mCzocuHkX1SARWlWUcqHlCZSGlkA0Llo4hB/yZhCrpeMHbSQUdAmslha8TLAfSabCmcReYlo4ElUUQ97gOOTvPUV54I+3yKNInUpqj1Asa/Nxw==\n",
            "public_key_pem": "-----BEGIN PUBLIC KEY-----\nMIICIjANBgkqhkiG9w0BAQEFAAOCAg8AMIICCgKCAgEAmlKNSSBoGZop2Rd/Gd2Z\njArUpLM36lAYIgiIwSkgAKTUvQQRMgFDdn/X9aPSiM/0dcmCj45/hRH+Q+Yyg8rG\nys6nZ9Kuug6uilq/iLJ/R/ToThjDe+k1A2SiGNjZjP0scGDGvv17rDEEB92YtbTo\n6+Seg+ePZOmGzAUAg5+zv5rqETi3KdQ05MVu6gaVBjEkR5RT5Azff3b1U/xVCovV\nLl+9a1MCdTO7YNEINB+nvOn+Z9L2s/EI90GJf12tPd9asYLBY6Iiu2Jpdmc8vVwt\nlgv9FNs4RMvn7QkuxKJgB2U2nlNAkGhWiLOeRpp8tsGaDqYDyddc1cH4NB4eU3vz\nlMpgTiXpZ8LJZd2ED6uvoB+Rni2rl52ffTPWv7ox0Tw80SUYD9qP+3IjJJPjZSyQ\nJD/7kJnwjKwS2zuIf3vS92d9GTWTv7NmqlUwpWGbXzq4cWhro61/QYrhzxOHxsx9\nXR5AYTATu0UyNogr74wogseeBSttzFODuCVCBdmdl3SD+9m5ydDPVhy8gLCi2RsL\nc3Mh1MUgE2OTfziV3Z8jnvsd6ow9LAK1WKwY9Bl++pgs6HLh5F9UgEVpVlHKh5Qm\nUhpZANC5aOIQf8mYQq6XjB20kFHQJrJYWvEywH0mmwpnEXmJaOBJVFEPe4Djk7z1\nFeeCPt8ijSJ1Kao9QLGvzccCAwEAAQ==\n-----END PUBLIC KEY-----\n",
            "rsa_bits": 4096
          },
          "sensitive_attributes": []
        }
      ]
    }
  ],
  "check_results": null
}
